
Microsoft Visual Studio Solution File, Format Version 12.00
# Visual Studio Version 17
VisualStudioVersion = 17.14.36127.28 d17.14
MinimumVisualStudioVersion = 10.0.40219.1
Project("{FAE04EC0-301F-11D3-BF4B-00C04F79EFBC}") = "Overloading", "Overloading\Overloading.csproj", "{018BE2DB-4B49-4D48-B3A3-E9B326CF696A}"
EndProject
Global
	GlobalSection(SolutionConfigurationPlatforms) = preSolution
		Debug|Any CPU = Debug|Any CPU
		Release|Any CPU = Release|Any CPU
	EndGlobalSection
	GlobalSection(ProjectConfigurationPlatforms) = postSolution
		{018BE2DB-4B49-4D48-B3A3-E9B326CF696A}.Debug|Any CPU.ActiveCfg = Debug|Any CPU
		{018BE2DB-4B49-4D48-B3A3-E9B326CF696A}.Debug|Any CPU.Build.0 = Debug|Any CPU
		{018BE2DB-4B49-4D48-B3A3-E9B326CF696A}.Release|Any CPU.ActiveCfg = Release|Any CPU
		{018BE2DB-4B49-4D48-B3A3-E9B326CF696A}.Release|Any CPU.Build.0 = Release|Any CPU
	EndGlobalSection
	GlobalSection(SolutionProperties) = preSolution
		HideSolutionNode = FALSE
	EndGlobalSection
	GlobalSection(ExtensibilityGlobals) = postSolution
		SolutionGuid = {EBEA4598-70B5-4884-B20F-857955544E7F}
	EndGlobalSection
EndGlobal
